{
  "name": "Todo-List-React",
  "lockfileVersion": 3,
  "requires": true,
  "packages": {
    "": {
      "dependencies": {
        "wid": "^0.0.9"
      }
    },
    "node_modules/lodash": {
      "version": "2.3.0",
      "resolved": "https://registry.npmjs.org/lodash/-/lodash-2.3.0.tgz",
      "integrity": "sha512-1cKXXnLDXhXBP8H1ZECyE1znMFLUjMiV9WrVx6/Mi8Ocm/wwjuhWNpLFefQdv05+uMtIAdOVPnG3SFxcOUZzBw==",
      "engines": [
        "node",
        "rhino"
      ]
    },
    "node_modules/wid": {
      "version": "0.0.9",
      "resolved": "https://registry.npmjs.org/wid/-/wid-0.0.9.tgz",
      "integrity": "sha512-l6G/pF0wsaoc0O6eHr9rM0BoO8Y+uouLTYLtrwLUhwf/mxF5Xs/2zet8y2XfWudAt16hFFWIGi4qh0u+X2pkyA==",
      "dependencies": {
        "lodash": "~2.3.0"
      }
    }
  }
}
